
Microsoft Visual Studio Solution File, Format Version 12.00
# Visual Studio Version 16
VisualStudioVersion = 16.0.30907.101
MinimumVisualStudioVersion = 10.0.40219.1
Project("{2150E333-8FDC-42A3-9474-1A3956D46DE8}") = "Services", "Services", "{B3F6FC37-7276-4A0C-83B2-181A967E31EF}"
EndProject
Project("{2150E333-8FDC-42A3-9474-1A3956D46DE8}") = "Catalog", "Catalog", "{05309377-9C4E-48B0-B3AB-98C98D25217F}"
EndProject
Project("{9A19103F-16F7-4668-BE54-9A1E7A4F7556}") = "Catalog.API", "Services\Catalog\Catalog.API\Catalog.API.csproj", "{E248A3C5-FDB6-4AAE-97C2-35097B646550}"
EndProject
Project("{E53339B2-1760-4266-BCC7-CA923CBCF16C}") = "docker-compose", "docker-compose.dcproj", "{1DB2846D-1173-4BF3-8E78-0B372A05544A}"
EndProject
Project("{2150E333-8FDC-42A3-9474-1A3956D46DE8}") = "Basket", "Basket", "{C0641922-1F9C-433E-8D07-1B8475E8045E}"
EndProject
Project("{FAE04EC0-301F-11D3-BF4B-00C04F79EFBC}") = "Basket.API", "Services\Basket\Basket.API\Basket.API.csproj", "{AEA544BE-F4E4-481D-B24A-E7D8023A4FE6}"
EndProject
Global
	GlobalSection(SolutionConfigurationPlatforms) = preSolution
		Debug|Any CPU = Debug|Any CPU
		Release|Any CPU = Release|Any CPU
	EndGlobalSection
	GlobalSection(ProjectConfigurationPlatforms) = postSolution
		{E248A3C5-FDB6-4AAE-97C2-35097B646550}.Debug|Any CPU.ActiveCfg = Debug|Any CPU
		{E248A3C5-FDB6-4AAE-97C2-35097B646550}.Debug|Any CPU.Build.0 = Debug|Any CPU
		{E248A3C5-FDB6-4AAE-97C2-35097B646550}.Release|Any CPU.ActiveCfg = Release|Any CPU
		{E248A3C5-FDB6-4AAE-97C2-35097B646550}.Release|Any CPU.Build.0 = Release|Any CPU
		{1DB2846D-1173-4BF3-8E78-0B372A05544A}.Debug|Any CPU.ActiveCfg = Debug|Any CPU
		{1DB2846D-1173-4BF3-8E78-0B372A05544A}.Debug|Any CPU.Build.0 = Debug|Any CPU
		{1DB2846D-1173-4BF3-8E78-0B372A05544A}.Release|Any CPU.ActiveCfg = Release|Any CPU
		{1DB2846D-1173-4BF3-8E78-0B372A05544A}.Release|Any CPU.Build.0 = Release|Any CPU
		{AEA544BE-F4E4-481D-B24A-E7D8023A4FE6}.Debug|Any CPU.ActiveCfg = Debug|Any CPU
		{AEA544BE-F4E4-481D-B24A-E7D8023A4FE6}.Debug|Any CPU.Build.0 = Debug|Any CPU
		{AEA544BE-F4E4-481D-B24A-E7D8023A4FE6}.Release|Any CPU.ActiveCfg = Release|Any CPU
		{AEA544BE-F4E4-481D-B24A-E7D8023A4FE6}.Release|Any CPU.Build.0 = Release|Any CPU
	EndGlobalSection
	GlobalSection(SolutionProperties) = preSolution
		HideSolutionNode = FALSE
	EndGlobalSection
	GlobalSection(NestedProjects) = preSolution
		{05309377-9C4E-48B0-B3AB-98C98D25217F} = {B3F6FC37-7276-4A0C-83B2-181A967E31EF}
		{E248A3C5-FDB6-4AAE-97C2-35097B646550} = {05309377-9C4E-48B0-B3AB-98C98D25217F}
		{C0641922-1F9C-433E-8D07-1B8475E8045E} = {B3F6FC37-7276-4A0C-83B2-181A967E31EF}
		{AEA544BE-F4E4-481D-B24A-E7D8023A4FE6} = {C0641922-1F9C-433E-8D07-1B8475E8045E}
	EndGlobalSection
	GlobalSection(ExtensibilityGlobals) = postSolution
		SolutionGuid = {8D5D71F6-A0A5-4FDF-B516-388695106B0B}
	EndGlobalSection
EndGlobal
